
Microsoft Visual Studio Solution File, Format Version 12.00
# Visual Studio Version 16
VisualStudioVersion = 16.0.29609.76
MinimumVisualStudioVersion = 10.0.40219.1
Project("{FAE04EC0-301F-11D3-BF4B-00C04F79EFBC}") = "CliLayoutRenderTools", "CliLayoutRenderTools\CliLayoutRenderTools.csproj", "{BB0D3124-55A2-4FCD-995C-448A5B0245C0}"
EndProject
Global
	GlobalSection(SolutionConfigurationPlatforms) = preSolution
		Debug|Any CPU = Debug|Any CPU
		Release|Any CPU = Release|Any CPU
	EndGlobalSection
	GlobalSection(ProjectConfigurationPlatforms) = postSolution
		{BB0D3124-55A2-4FCD-995C-448A5B0245C0}.Debug|Any CPU.ActiveCfg = Debug|Any CPU
		{BB0D3124-55A2-4FCD-995C-448A5B0245C0}.Debug|Any CPU.Build.0 = Debug|Any CPU
		{BB0D3124-55A2-4FCD-995C-448A5B0245C0}.Release|Any CPU.ActiveCfg = Release|Any CPU
		{BB0D3124-55A2-4FCD-995C-448A5B0245C0}.Release|Any CPU.Build.0 = Release|Any CPU
	EndGlobalSection
	GlobalSection(SolutionProperties) = preSolution
		HideSolutionNode = FALSE
	EndGlobalSection
	GlobalSection(ExtensibilityGlobals) = postSolution
		SolutionGuid = {66731D0B-BCD2-4C8F-923F-2344FB4CECD5}
	EndGlobalSection
EndGlobal
